lockfileVersion: '9.0'

settings:
  autoInstallPeers: true
  excludeLinksFromLockfile: false

importers:

  .:
    dependencies:
      globals:
        specifier: ~16.1.0
        version: 16.1.0
      happy-dom:
        specifier: ~17.5.1
        version: 17.5.1

packages:

  globals@16.1.0:
    resolution: {integrity: sha512-aibexHNbb/jiUSObBgpHLj+sIuUmJnYcgXBlrfsiDZ9rt4aF2TFRbyLgZ2iFQuVZ1K5Mx3FVkbKRSgKrbK3K2g==}
    engines: {node: '>=18'}

  happy-dom@17.5.1:
    resolution: {integrity: sha512-n6corm3g8tJZ0dod0ZCurbU12/CkMzklUoV+FS3NCoej4TXHnx6xdp3hK9l7sGqCrFREZuV07NlMRdLcGbTUpw==}
    engines: {node: '>=18.0.0'}

  webidl-conversions@7.0.0:
    resolution: {integrity: sha512-VwddBukDzu71offAQR975unBIGqfKZpM+8ZX6ySk8nYhVoo5CYaZyzt3YBvYtRtO+aoGlqxPg/B87NGVZ/fu6g==}
    engines: {node: '>=12'}

  whatwg-mimetype@3.0.0:
    resolution: {integrity: sha512-nt+N2dzIutVRxARx1nghPKGv1xHikU7HKdfafKkLNLindmPU/ch3U31NOCGGA/dmPcmb1VlofO0vnKAcsm0o/Q==}
    engines: {node: '>=12'}

snapshots:

  globals@16.1.0: {}

  happy-dom@17.5.1:
    dependencies:
      webidl-conversions: 7.0.0
      whatwg-mimetype: 3.0.0

  webidl-conversions@7.0.0: {}

  whatwg-mimetype@3.0.0: {}
